
Microsoft Visual Studio Solution File, Format Version 12.00
# Visual Studio Version 16
VisualStudioVersion = 16.0.32802.440
MinimumVisualStudioVersion = 10.0.40219.1
Project("{FAE04EC0-301F-11D3-BF4B-00C04F79EFBC}") = "WebTemplateCSharp", "WebTemplateCSharp\WebTemplateCSharp.csproj", "{88088C54-8655-4A94-85E8-62B991390BDF}"
EndProject
Global
	GlobalSection(SolutionConfigurationPlatforms) = preSolution
		Debug|Any CPU = Debug|Any CPU
		Release|Any CPU = Release|Any CPU
	EndGlobalSection
	GlobalSection(ProjectConfigurationPlatforms) = postSolution
		{88088C54-8655-4A94-85E8-62B991390BDF}.Debug|Any CPU.ActiveCfg = Debug|Any CPU
		{88088C54-8655-4A94-85E8-62B991390BDF}.Debug|Any CPU.Build.0 = Debug|Any CPU
		{88088C54-8655-4A94-85E8-62B991390BDF}.Release|Any CPU.ActiveCfg = Release|Any CPU
		{88088C54-8655-4A94-85E8-62B991390BDF}.Release|Any CPU.Build.0 = Release|Any CPU
	EndGlobalSection
	GlobalSection(SolutionProperties) = preSolution
		HideSolutionNode = FALSE
	EndGlobalSection
	GlobalSection(ExtensibilityGlobals) = postSolution
		SolutionGuid = {B6327660-B8F3-4E30-991A-E7C8FE12E9AD}
	EndGlobalSection
EndGlobal
